
Microsoft Visual Studio Solution File, Format Version 12.00
# Visual Studio Version 17
VisualStudioVersion = 17.3.32825.248
MinimumVisualStudioVersion = 10.0.40219.1
Project("{9A19103F-16F7-4668-BE54-9A1E7A4F7556}") = "mod5assgn", "mod5assgn.csproj", "{8D942EB9-9F84-48D1-8C7C-034EE8B3150E}"
EndProject
Project("{FAE04EC0-301F-11D3-BF4B-00C04F79EFBC}") = "mod5assgn.1", "..\mod5assgn.1\mod5assgn.1.csproj", "{0EEAA467-3824-4467-897C-AF45DDCF259C}"
EndProject
Global
	GlobalSection(SolutionConfigurationPlatforms) = preSolution
		Debug|Any CPU = Debug|Any CPU
		Release|Any CPU = Release|Any CPU
	EndGlobalSection
	GlobalSection(ProjectConfigurationPlatforms) = postSolution
		{8D942EB9-9F84-48D1-8C7C-034EE8B3150E}.Debug|Any CPU.ActiveCfg = Debug|Any CPU
		{8D942EB9-9F84-48D1-8C7C-034EE8B3150E}.Debug|Any CPU.Build.0 = Debug|Any CPU
		{8D942EB9-9F84-48D1-8C7C-034EE8B3150E}.Release|Any CPU.ActiveCfg = Release|Any CPU
		{8D942EB9-9F84-48D1-8C7C-034EE8B3150E}.Release|Any CPU.Build.0 = Release|Any CPU
		{0EEAA467-3824-4467-897C-AF45DDCF259C}.Debug|Any CPU.ActiveCfg = Debug|Any CPU
		{0EEAA467-3824-4467-897C-AF45DDCF259C}.Debug|Any CPU.Build.0 = Debug|Any CPU
		{0EEAA467-3824-4467-897C-AF45DDCF259C}.Release|Any CPU.ActiveCfg = Release|Any CPU
		{0EEAA467-3824-4467-897C-AF45DDCF259C}.Release|Any CPU.Build.0 = Release|Any CPU
	EndGlobalSection
	GlobalSection(SolutionProperties) = preSolution
		HideSolutionNode = FALSE
	EndGlobalSection
	GlobalSection(ExtensibilityGlobals) = postSolution
		SolutionGuid = {8E798461-E322-46BE-942F-AB910DC027D2}
	EndGlobalSection
EndGlobal
